
Microsoft Visual Studio Solution File, Format Version 11.00
# Visual Studio 2010
Project("{FAE04EC0-301F-11D3-BF4B-00C04F79EFBC}") = "Koffeinfrei.BatchReplacer", "Koffeinfrei.BatchReplacer\Koffeinfrei.BatchReplacer.csproj", "{D3BD514D-78D5-4F02-B69B-638BFED1328C}"
EndProject
Project("{FAE04EC0-301F-11D3-BF4B-00C04F79EFBC}") = "Koffeinfrei.BatchReplacer.Tests", "..\Koffeinfrei.BatchReplacer.Tests\Koffeinfrei.BatchReplacer.Tests.csproj", "{F918BA6C-2B21-4A07-AABD-E12F50D0F4EB}"
EndProject
Project("{2150E333-8FDC-42A3-9474-1A3956D46DE8}") = "Solution Items", "Solution Items", "{124DED26-E501-474C-8D56-206FA7D50B48}"
	ProjectSection(SolutionItems) = preProject
		Koffeinfrei.BatchReplacer.vsmdi = Koffeinfrei.BatchReplacer.vsmdi
		Local.testsettings = Local.testsettings
		TraceAndTestImpact.testsettings = TraceAndTestImpact.testsettings
	EndProjectSection
EndProject
Global
	GlobalSection(TestCaseManagementSettings) = postSolution
		CategoryFile = Koffeinfrei.BatchReplacer.vsmdi
	EndGlobalSection
	GlobalSection(SolutionConfigurationPlatforms) = preSolution
		Debug|Any CPU = Debug|Any CPU
		Debug|Mixed Platforms = Debug|Mixed Platforms
		Debug|x86 = Debug|x86
		Release|Any CPU = Release|Any CPU
		Release|Mixed Platforms = Release|Mixed Platforms
		Release|x86 = Release|x86
	EndGlobalSection
	GlobalSection(ProjectConfigurationPlatforms) = postSolution
		{D3BD514D-78D5-4F02-B69B-638BFED1328C}.Debug|Any CPU.ActiveCfg = Debug|x86
		{D3BD514D-78D5-4F02-B69B-638BFED1328C}.Debug|Mixed Platforms.ActiveCfg = Debug|x86
		{D3BD514D-78D5-4F02-B69B-638BFED1328C}.Debug|Mixed Platforms.Build.0 = Debug|x86
		{D3BD514D-78D5-4F02-B69B-638BFED1328C}.Debug|x86.ActiveCfg = Debug|x86
		{D3BD514D-78D5-4F02-B69B-638BFED1328C}.Debug|x86.Build.0 = Debug|x86
		{D3BD514D-78D5-4F02-B69B-638BFED1328C}.Release|Any CPU.ActiveCfg = Release|x86
		{D3BD514D-78D5-4F02-B69B-638BFED1328C}.Release|Mixed Platforms.ActiveCfg = Release|x86
		{D3BD514D-78D5-4F02-B69B-638BFED1328C}.Release|Mixed Platforms.Build.0 = Release|x86
		{D3BD514D-78D5-4F02-B69B-638BFED1328C}.Release|x86.ActiveCfg = Release|x86
		{D3BD514D-78D5-4F02-B69B-638BFED1328C}.Release|x86.Build.0 = Release|x86
		{F918BA6C-2B21-4A07-AABD-E12F50D0F4EB}.Debug|Any CPU.ActiveCfg = Debug|Any CPU
		{F918BA6C-2B21-4A07-AABD-E12F50D0F4EB}.Debug|Any CPU.Build.0 = Debug|Any CPU
		{F918BA6C-2B21-4A07-AABD-E12F50D0F4EB}.Debug|Mixed Platforms.ActiveCfg = Debug|Any CPU
		{F918BA6C-2B21-4A07-AABD-E12F50D0F4EB}.Debug|Mixed Platforms.Build.0 = Debug|Any CPU
		{F918BA6C-2B21-4A07-AABD-E12F50D0F4EB}.Debug|x86.ActiveCfg = Debug|Any CPU
		{F918BA6C-2B21-4A07-AABD-E12F50D0F4EB}.Release|Any CPU.ActiveCfg = Release|Any CPU
		{F918BA6C-2B21-4A07-AABD-E12F50D0F4EB}.Release|Any CPU.Build.0 = Release|Any CPU
		{F918BA6C-2B21-4A07-AABD-E12F50D0F4EB}.Release|Mixed Platforms.ActiveCfg = Release|Any CPU
		{F918BA6C-2B21-4A07-AABD-E12F50D0F4EB}.Release|Mixed Platforms.Build.0 = Release|Any CPU
		{F918BA6C-2B21-4A07-AABD-E12F50D0F4EB}.Release|x86.ActiveCfg = Release|Any CPU
	EndGlobalSection
	GlobalSection(SolutionProperties) = preSolution
		HideSolutionNode = FALSE
	EndGlobalSection
EndGlobal
